// !$*UTF8*$!
{
	archiveVersion = 1;
	classes = {
	};
	objectVersion = 51;
	objects = {

/* Begin PBXBuildFile section */
		4C043565254924400026ACF2 /* LoginViewController.swift in Sources */ = {isa = PBXBuildFile; fileRef = 4C043564254924400026ACF2 /* LoginViewController.swift */; };
		4C043567254924500026ACF2 /* FeedViewController.swift in Sources */ = {isa = PBXBuildFile; fileRef = 4C043566254924500026ACF2 /* FeedViewController.swift */; };
		4C04356925493A1C0026ACF2 /* CameraViewController.swift in Sources */ = {isa = PBXBuildFile; fileRef = 4C04356825493A1C0026ACF2 /* CameraViewController.swift */; };
		4C04356D25494A200026ACF2 /* PostCell.swift in Sources */ = {isa = PBXBuildFile; fileRef = 4C04356C25494A200026ACF2 /* PostCell.swift */; };
		4CB15BE9254918B800B01F3C /* AppDelegate.swift in Sources */ = {isa = PBXBuildFile; fileRef = 4CB15BE8254918B800B01F3C /* AppDelegate.swift */; };
		4CB15BEB254918B800B01F3C /* SceneDelegate.swift in Sources */ = {isa = PBXBuildFile; fileRef = 4CB15BEA254918B800B01F3C /* SceneDelegate.swift */; };
		4CB15BF0254918B800B01F3C /* Main.storyboard in Resources */ = {isa = PBXBuildFile; fileRef = 4CB15BEE254918B800B01F3C /* Main.storyboard */; };
		4CB15BF2254918C000B01F3C /* Assets.xcassets in Resources */ = {isa = PBXBuildFile; fileRef = 4CB15BF1254918C000B01F3C /* Assets.xcassets */; };
		4CB15BF5254918C000B01F3C /* LaunchScreen.storyboard in Resources */ = {isa = PBXBuildFile; fileRef = 4CB15BF3254918C000B01F3C /* LaunchScreen.storyboard */; };
		4CB15C00254918C000B01F3C /* ParstagramTests.swift in Sources */ = {isa = PBXBuildFile; fileRef = 4CB15BFF254918C000B01F3C /* ParstagramTests.swift */; };
		4CB15C0B254918C000B01F3C /* ParstagramUITests.swift in Sources */ = {isa = PBXBuildFile; fileRef = 4CB15C0A254918C000B01F3C /* ParstagramUITests.swift */; };
		86513C18BC23DB9C3E144187 /* Pods_Parstagram.framework in Frameworks */ = {isa = PBXBuildFile; fileRef = B7F1F18F0F935A4E957F139A /* Pods_Parstagram.framework */; };
		958C9E1724B8BCBD617A5205 /* Pods_Parstagram_ParstagramUITests.framework in Frameworks */ = {isa = PBXBuildFile; fileRef = D84DB6D4161441CA1AE0DAF8 /* Pods_Parstagram_ParstagramUITests.framework */; };
		B13C749C12A5D27FC2DD2B1E /* Pods_ParstagramTests.framework in Frameworks */ = {isa = PBXBuildFile; fileRef = 197688E92E737AB6395F4050 /* Pods_ParstagramTests.framework */; };
/* End PBXBuildFile section */

/* Begin PBXContainerItemProxy section */
		4CB15BFC254918C000B01F3C /* PBXContainerItemProxy */ = {
			isa = PBXContainerItemProxy;
			containerPortal = 4CB15BDD254918B700B01F3C /* Project object */;
			proxyType = 1;
			remoteGlobalIDString = 4CB15BE4254918B800B01F3C;
			remoteInfo = Parstagram;
		};
		4CB15C07254918C000B01F3C /* PBXContainerItemProxy */ = {
			isa = PBXContainerItemProxy;
			containerPortal = 4CB15BDD254918B700B01F3C /* Project object */;
			proxyType = 1;
			remoteGlobalIDString = 4CB15BE4254918B800B01F3C;
			remoteInfo = Parstagram;
		};
/* End PBXContainerItemProxy section */

/* Begin PBXFileReference section */
		197688E92E737AB6395F4050 /* Pods_ParstagramTests.framework */ = {isa = PBXFileReference; explicitFileType = wrapper.framework; includeInIndex = 0; path = Pods_ParstagramTests.framework; sourceTree = BUILT_PRODUCTS_DIR; };
		4C043564254924400026ACF2 /* LoginViewController.swift */ = {isa = PBXFileReference; lastKnownFileType = sourcecode.swift; path = LoginViewController.swift; sourceTree = "<group>"; };
		4C043566254924500026ACF2 /* FeedViewController.swift */ = {isa = PBXFileReference; lastKnownFileType = sourcecode.swift; path = FeedViewController.swift; sourceTree = "<group>"; };
		4C04356825493A1C0026ACF2 /* CameraViewController.swift */ = {isa = PBXFileReference; lastKnownFileType = sourcecode.swift; path = CameraViewController.swift; sourceTree = "<group>"; };
		4C04356C25494A200026ACF2 /* PostCell.swift */ = {isa = PBXFileReference; lastKnownFileType = sourcecode.swift; path = PostCell.swift; sourceTree = "<group>"; };
		4CB15BE5254918B800B01F3C /* Parstagram.app */ = {isa = PBXFileReference; explicitFileType = wrapper.application; includeInIndex = 0; path = Parstagram.app; sourceTree = BUILT_PRODUCTS_DIR; };
		4CB15BE8254918B800B01F3C /* AppDelegate.swift */ = {isa = PBXFileReference; lastKnownFileType = sourcecode.swift; path = AppDelegate.swift; sourceTree = "<group>"; };
		4CB15BEA254918B800B01F3C /* SceneDelegate.swift */ = {isa = PBXFileReference; lastKnownFileType = sourcecode.swift; path = SceneDelegate.swift; sourceTree = "<group>"; };
		4CB15BEF254918B800B01F3C /* Base */ = {isa = PBXFileReference; lastKnownFileType = file.storyboard; name = Base; path = Base.lproj/Main.storyboard; sourceTree = "<group>"; };
		4CB15BF1254918C000B01F3C /* Assets.xcassets */ = {isa = PBXFileReference; lastKnownFileType = folder.assetcatalog; path = Assets.xcassets; sourceTree = "<group>"; };
		4CB15BF4254918C000B01F3C /* Base */ = {isa = PBXFileReference; lastKnownFileType = file.storyboard; name = Base; path = Base.lproj/LaunchScreen.storyboard; sourceTree = "<group>"; };
		4CB15BF6254918C000B01F3C /* Info.plist */ = {isa = PBXFileReference; lastKnownFileType = text.plist.xml; path = Info.plist; sourceTree = "<group>"; };
		4CB15BFB254918C000B01F3C /* ParstagramTests.xctest */ = {isa = PBXFileReference; explicitFileType = wrapper.cfbundle; includeInIndex = 0; path = ParstagramTests.xctest; sourceTree = BUILT_PRODUCTS_DIR; };
		4CB15BFF254918C000B01F3C /* ParstagramTests.swift */ = {isa = PBXFileReference; lastKnownFileType = sourcecode.swift; path = ParstagramTests.swift; sourceTree = "<group>"; };
		4CB15C01254918C000B01F3C /* Info.plist */ = {isa = PBXFileReference; lastKnownFileType = text.plist.xml; path = Info.plist; sourceTree = "<group>"; };
		4CB15C06254918C000B01F3C /* ParstagramUITests.xctest */ = {isa = PBXFileReference; explicitFileType = wrapper.cfbundle; includeInIndex = 0; path = ParstagramUITests.xctest; sourceTree = BUILT_PRODUCTS_DIR; };
		4CB15C0A254918C000B01F3C /* ParstagramUITests.swift */ = {isa = PBXFileReference; lastKnownFileType = sourcecode.swift; path = ParstagramUITests.swift; sourceTree = "<group>"; };
		4CB15C0C254918C000B01F3C /* Info.plist */ = {isa = PBXFileReference; lastKnownFileType = text.plist.xml; path = Info.plist; sourceTree = "<group>"; };
		5DDE1F7F18EA77EE212118B1 /* Pods-Parstagram.debug.xcconfig */ = {isa = PBXFileReference; includeInIndex = 1; lastKnownFileType = text.xcconfig; name = "Pods-Parstagram.debug.xcconfig"; path = "Target Support Files/Pods-Parstagram/Pods-Parstagram.debug.xcconfig"; sourceTree = "<group>"; };
		B45BA9D1CBC365B18FE1B36F /* Pods-Parstagram-ParstagramUITests.debug.xcconfig */ = {isa = PBXFileReference; includeInIndex = 1; lastKnownFileType = text.xcconfig; name = "Pods-Parstagram-ParstagramUITests.debug.xcconfig"; path = "Target Support Files/Pods-Parstagram-ParstagramUITests/Pods-Parstagram-ParstagramUITests.debug.xcconfig"; sourceTree = "<group>"; };
		B7F1F18F0F935A4E957F139A /* Pods_Parstagram.framework */ = {isa = PBXFileReference; explicitFileType = wrapper.framework; includeInIndex = 0; path = Pods_Parstagram.framework; sourceTree = BUILT_PRODUCTS_DIR; };
		D84DB6D4161441CA1AE0DAF8 /* Pods_Parstagram_ParstagramUITests.framework */ = {isa = PBXFileReference; explicitFileType = wrapper.framework; includeInIndex = 0; path = Pods_Parstagram_ParstagramUITests.framework; sourceTree = BUILT_PRODUCTS_DIR; };
		DB18DA0A60125BEA1A9360AA /* Pods-ParstagramTests.release.xcconfig */ = {isa = PBXFileReference; includeInIndex = 1; lastKnownFileType = text.xcconfig; name = "Pods-ParstagramTests.release.xcconfig"; path = "Target Support Files/Pods-ParstagramTests/Pods-ParstagramTests.release.xcconfig"; sourceTree = "<group>"; };
		E2591491F446EA1A148CF558 /* Pods-Parstagram.release.xcconfig */ = {isa = PBXFileReference; includeInIndex = 1; lastKnownFileType = text.xcconfig; name = "Pods-Parstagram.release.xcconfig"; path = "Target Support Files/Pods-Parstagram/Pods-Parstagram.release.xcconfig"; sourceTree = "<group>"; };
		E4AF18FDF79D34A3050C320E /* Pods-Parstagram-ParstagramUITests.release.xcconfig */ = {isa = PBXFileReference; includeInIndex = 1; lastKnownFileType = text.xcconfig; name = "Pods-Parstagram-ParstagramUITests.release.xcconfig"; path = "Target Support Files/Pods-Parstagram-ParstagramUITests/Pods-Parstagram-ParstagramUITests.release.xcconfig"; sourceTree = "<group>"; };
		FAA1F01A83C1FA745B091A3B /* Pods-ParstagramTests.debug.xcconfig */ = {isa = PBXFileReference; includeInIndex = 1; lastKnownFileType = text.xcconfig; name = "Pods-ParstagramTests.debug.xcconfig"; path = "Target Support Files/Pods-ParstagramTests/Pods-ParstagramTests.debug.xcconfig"; sourceTree = "<group>"; };
/* End PBXFileReference section */

/* Begin PBXFrameworksBuildPhase section */
		4CB15BE2254918B800B01F3C /* Frameworks */ = {
			isa = PBXFrameworksBuildPhase;
			buildActionMask = 2147483647;
			files = (
				86513C18BC23DB9C3E144187 /* Pods_Parstagram.framework in Frameworks */,
			);
			runOnlyForDeploymentPostprocessing = 0;
		};
		4CB15BF8254918C000B01F3C /* Frameworks */ = {
			isa = PBXFrameworksBuildPhase;
			buildActionMask = 2147483647;
			files = (
				B13C749C12A5D27FC2DD2B1E /* Pods_ParstagramTests.framework in Frameworks */,
			);
			runOnlyForDeploymentPostprocessing = 0;
		};
		4CB15C03254918C000B01F3C /* Frameworks */ = {
			isa = PBXFrameworksBuildPhase;
			buildActionMask = 2147483647;
			files = (
				958C9E1724B8BCBD617A5205 /* Pods_Parstagram_ParstagramUITests.framework in Frameworks */,
			);
			runOnlyForDeploymentPostprocessing = 0;
		};
/* End PBXFrameworksBuildPhase section */

/* Begin PBXGroup section */
		2DECD47D56ABFA29D6C05194 /* Pods */ = {
			isa = PBXGroup;
			children = (
				5DDE1F7F18EA77EE212118B1 /* Pods-Parstagram.debug.xcconfig */,
				E2591491F446EA1A148CF558 /* Pods-Parstagram.release.xcconfig */,
				B45BA9D1CBC365B18FE1B36F /* Pods-Parstagram-ParstagramUITests.debug.xcconfig */,
				E4AF18FDF79D34A3050C320E /* Pods-Parstagram-ParstagramUITests.release.xcconfig */,
				FAA1F01A83C1FA745B091A3B /* Pods-ParstagramTests.debug.xcconfig */,
				DB18DA0A60125BEA1A9360AA /* Pods-ParstagramTests.release.xcconfig */,
			);
			path = Pods;
			sourceTree = "<group>";
		};
		4CB15BDC254918B700B01F3C = {
			isa = PBXGroup;
			children = (
				4CB15BE7254918B800B01F3C /* Parstagram */,
				4CB15BFE254918C000B01F3C /* ParstagramTests */,
				4CB15C09254918C000B01F3C /* ParstagramUITests */,
				4CB15BE6254918B800B01F3C /* Products */,
				2DECD47D56ABFA29D6C05194 /* Pods */,
				7797AE7E7029864C82A8691D /* Frameworks */,
			);
			sourceTree = "<group>";
		};
		4CB15BE6254918B800B01F3C /* Products */ = {
			isa = PBXGroup;
			children = (
				4CB15BE5254918B800B01F3C /* Parstagram.app */,
				4CB15BFB254918C000B01F3C /* ParstagramTests.xctest */,
				4CB15C06254918C000B01F3C /* ParstagramUITests.xctest */,
			);
			name = Products;
			sourceTree = "<group>";
		};
		4CB15BE7254918B800B01F3C /* Parstagram */ = {
			isa = PBXGroup;
			children = (
				4CB15BE8254918B800B01F3C /* AppDelegate.swift */,
				4CB15BEA254918B800B01F3C /* SceneDelegate.swift */,
				4CB15BEE254918B800B01F3C /* Main.storyboard */,
				4CB15BF1254918C000B01F3C /* Assets.xcassets */,
				4CB15BF3254918C000B01F3C /* LaunchScreen.storyboard */,
				4CB15BF6254918C000B01F3C /* Info.plist */,
				4C043564254924400026ACF2 /* LoginViewController.swift */,
				4C043566254924500026ACF2 /* FeedViewController.swift */,
				4C04356825493A1C0026ACF2 /* CameraViewController.swift */,
				4C04356C25494A200026ACF2 /* PostCell.swift */,
			);
			path = Parstagram;
			sourceTree = "<group>";
		};
		4CB15BFE254918C000B01F3C /* ParstagramTests */ = {
			isa = PBXGroup;
			children = (
				4CB15BFF254918C000B01F3C /* ParstagramTests.swift */,
				4CB15C01254918C000B01F3C /* Info.plist */,
			);
			path = ParstagramTests;
			sourceTree = "<group>";
		};
		4CB15C09254918C000B01F3C /* ParstagramUITests */ = {
			isa = PBXGroup;
			children = (
				4CB15C0A254918C000B01F3C /* ParstagramUITests.swift */,
				4CB15C0C254918C000B01F3C /* Info.plist */,
			);
			path = ParstagramUITests;
			sourceTree = "<group>";
		};
		7797AE7E7029864C82A8691D /* Frameworks */ = {
			isa = PBXGroup;
			children = (
				B7F1F18F0F935A4E957F139A /* Pods_Parstagram.framework */,
				D84DB6D4161441CA1AE0DAF8 /* Pods_Parstagram_ParstagramUITests.framework */,
				197688E92E737AB6395F4050 /* Pods_ParstagramTests.framework */,
			);
			name = Frameworks;
			sourceTree = "<group>";
		};
/* End PBXGroup section */

/* Begin PBXNativeTarget section */
		4CB15BE4254918B800B01F3C /* Parstagram */ = {
			isa = PBXNativeTarget;
			buildConfigurationList = 4CB15C0F254918C100B01F3C /* Build configuration list for PBXNativeTarget "Parstagram" */;
			buildPhases = (
				4A09FE1B89B51FA0BD2B16B5 /* [CP] Check Pods Manifest.lock */,
				4CB15BE1254918B800B01F3C /* Sources */,
				4CB15BE2254918B800B01F3C /* Frameworks */,
				4CB15BE3254918B800B01F3C /* Resources */,
				B014ACE75353BCEBC76415DA /* [CP] Embed Pods Frameworks */,
			);
			buildRules = (
			);
			dependencies = (
			);
			name = Parstagram;
			productName = Parstagram;
			productReference = 4CB15BE5254918B800B01F3C /* Parstagram.app */;
			productType = "com.apple.product-type.application";
		};
		4CB15BFA254918C000B01F3C /* ParstagramTests */ = {
			isa = PBXNativeTarget;
			buildConfigurationList = 4CB15C12254918C100B01F3C /* Build configuration list for PBXNativeTarget "ParstagramTests" */;
			buildPhases = (
				DDFB9DEA05093D9C7C8FB0A8 /* [CP] Check Pods Manifest.lock */,
				4CB15BF7254918C000B01F3C /* Sources */,
				4CB15BF8254918C000B01F3C /* Frameworks */,
				4CB15BF9254918C000B01F3C /* Resources */,
			);
			buildRules = (
			);
			dependencies = (
				4CB15BFD254918C000B01F3C /* PBXTargetDependency */,
			);
			name = ParstagramTests;
			productName = ParstagramTests;
			productReference = 4CB15BFB254918C000B01F3C /* ParstagramTests.xctest */;
			productType = "com.apple.product-type.bundle.unit-test";
		};
		4CB15C05254918C000B01F3C /* ParstagramUITests */ = {
			isa = PBXNativeTarget;
			buildConfigurationList = 4CB15C15254918C100B01F3C /* Build configuration list for PBXNativeTarget "ParstagramUITests" */;
			buildPhases = (
				39272FB2770A26A0E1CB7394 /* [CP] Check Pods Manifest.lock */,
				4CB15C02254918C000B01F3C /* Sources */,
				4CB15C03254918C000B01F3C /* Frameworks */,
				4CB15C04254918C000B01F3C /* Resources */,
				5A2F1509DA862F50B0E52BD9 /* [CP] Embed Pods Frameworks */,
			);
			buildRules = (
			);
			dependencies = (
				4CB15C08254918C000B01F3C /* PBXTargetDependency */,
			);
			name = ParstagramUITests;
			productName = ParstagramUITests;
			productReference = 4CB15C06254918C000B01F3C /* ParstagramUITests.xctest */;
			productType = "com.apple.product-type.bundle.ui-testing";
		};
/* End PBXNativeTarget section */

/* Begin PBXProject section */
		4CB15BDD254918B700B01F3C /* Project object */ = {
			isa = PBXProject;
			attributes = {
				LastSwiftUpdateCheck = 1170;
				LastUpgradeCheck = 1170;
				ORGANIZATIONNAME = "naomia2022@hotmail.com";
				TargetAttributes = {
					4CB15BE4254918B800B01F3C = {
						CreatedOnToolsVersion = 11.7;
					};
					4CB15BFA254918C000B01F3C = {
						CreatedOnToolsVersion = 11.7;
						TestTargetID = 4CB15BE4254918B800B01F3C;
					};
					4CB15C05254918C000B01F3C = {
						CreatedOnToolsVersion = 11.7;
						TestTargetID = 4CB15BE4254918B800B01F3C;
					};
				};
			};
			buildConfigurationList = 4CB15BE0254918B800B01F3C /* Build configuration list for PBXProject "Parstagram" */;
			compatibilityVersion = "Xcode 9.3";
			developmentRegion = en;
			hasScannedForEncodings = 0;
			knownRegions = (
				en,
				Base,
			);
			mainGroup = 4CB15BDC254918B700B01F3C;
			productRefGroup = 4CB15BE6254918B800B01F3C /* Products */;
			projectDirPath = "";
			projectRoot = "";
			targets = (
				4CB15BE4254918B800B01F3C /* Parstagram */,
				4CB15BFA254918C000B01F3C /* ParstagramTests */,
				4CB15C05254918C000B01F3C /* ParstagramUITests */,
			);
		};
/* End PBXProject section */

/* Begin PBXResourcesBuildPhase section */
		4CB15BE3254918B800B01F3C /* Resources */ = {
			isa = PBXResourcesBuildPhase;
			buildActionMask = 2147483647;
			files = (
				4CB15BF5254918C000B01F3C /* LaunchScreen.storyboard in Resources */,
				4CB15BF2254918C000B01F3C /* Assets.xcassets in Resources */,
				4CB15BF0254918B800B01F3C /* Main.storyboard in Resources */,
			);
			runOnlyForDeploymentPostprocessing = 0;
		};
		4CB15BF9254918C000B01F3C /* Resources */ = {
			isa = PBXResourcesBuildPhase;
			buildActionMask = 2147483647;
			files = (
			);
			runOnlyForDeploymentPostprocessing = 0;
		};
		4CB15C04254918C000B01F3C /* Resources */ = {
			isa = PBXResourcesBuildPhase;
			buildActionMask = 2147483647;
			files = (
			);
			runOnlyForDeploymentPostprocessing = 0;
		};
/* End PBXResourcesBuildPhase section */

/* Begin PBXShellScriptBuildPhase section */
		39272FB2770A26A0E1CB7394 /* [CP] Check Pods Manifest.lock */ = {
			isa = PBXShellScriptBuildPhase;
			buildActionMask = 2147483647;
			files = (
			);
			inputFileListPaths = (
			);
			inputPaths = (
				"${PODS_PODFILE_DIR_PATH}/Podfile.lock",
				"${PODS_ROOT}/Manifest.lock",
			);
			name = "[CP] Check Pods Manifest.lock";
			outputFileListPaths = (
			);
			outputPaths = (
				"$(DERIVED_FILE_DIR)/Pods-Parstagram-ParstagramUITests-checkManifestLockResult.txt",
			);
			runOnlyForDeploymentPostprocessing = 0;
			shellPath = /bin/sh;
			shellScript = "diff \"${PODS_PODFILE_DIR_PATH}/Podfile.lock\" \"${PODS_ROOT}/Manifest.lock\" > /dev/null\nif [ $? != 0 ] ; then\n    # print error to STDERR\n    echo \"error: The sandbox is not in sync with the Podfile.lock. Run 'pod install' or update your CocoaPods installation.\" >&2\n    exit 1\nfi\n# This output is used by Xcode 'outputs' to avoid re-running this script phase.\necho \"SUCCESS\" > \"${SCRIPT_OUTPUT_FILE_0}\"\n";
			showEnvVarsInLog = 0;
		};
		4A09FE1B89B51FA0BD2B16B5 /* [CP] Check Pods Manifest.lock */ = {
			isa = PBXShellScriptBuildPhase;
			buildActionMask = 2147483647;
			files = (
			);
			inputFileListPaths = (
			);
			inputPaths = (
				"${PODS_PODFILE_DIR_PATH}/Podfile.lock",
				"${PODS_ROOT}/Manifest.lock",
			);
			name = "[CP] Check Pods Manifest.lock";
			outputFileListPaths = (
			);
			outputPaths = (
				"$(DERIVED_FILE_DIR)/Pods-Parstagram-checkManifestLockResult.txt",
			);
			runOnlyForDeploymentPostprocessing = 0;
			shellPath = /bin/sh;
			shellScript = "diff \"${PODS_PODFILE_DIR_PATH}/Podfile.lock\" \"${PODS_ROOT}/Manifest.lock\" > /dev/null\nif [ $? != 0 ] ; then\n    # print error to STDERR\n    echo \"error: The sandbox is not in sync with the Podfile.lock. Run 'pod install' or update your CocoaPods installation.\" >&2\n    exit 1\nfi\n# This output is used by Xcode 'outputs' to avoid re-running this script phase.\necho \"SUCCESS\" > \"${SCRIPT_OUTPUT_FILE_0}\"\n";
			showEnvVarsInLog = 0;
		};
		5A2F1509DA862F50B0E52BD9 /* [CP] Embed Pods Frameworks */ = {
			isa = PBXShellScriptBuildPhase;
			buildActionMask = 2147483647;
			files = (
			);
			inputFileListPaths = (
				"${PODS_ROOT}/Target Support Files/Pods-Parstagram-ParstagramUITests/Pods-Parstagram-ParstagramUITests-frameworks-${CONFIGURATION}-input-files.xcfilelist",
			);
			name = "[CP] Embed Pods Frameworks";
			outputFileListPaths = (
				"${PODS_ROOT}/Target Support Files/Pods-Parstagram-ParstagramUITests/Pods-Parstagram-ParstagramUITests-frameworks-${CONFIGURATION}-output-files.xcfilelist",
			);
			runOnlyForDeploymentPostprocessing = 0;
			shellPath = /bin/sh;
			shellScript = "\"${PODS_ROOT}/Target Support Files/Pods-Parstagram-ParstagramUITests/Pods-Parstagram-ParstagramUITests-frameworks.sh\"\n";
			showEnvVarsInLog = 0;
		};
		B014ACE75353BCEBC76415DA /* [CP] Embed Pods Frameworks */ = {
			isa = PBXShellScriptBuildPhase;
			buildActionMask = 2147483647;
			files = (
			);
			inputFileListPaths = (
				"${PODS_ROOT}/Target Support Files/Pods-Parstagram/Pods-Parstagram-frameworks-${CONFIGURATION}-input-files.xcfilelist",
			);
			name = "[CP] Embed Pods Frameworks";
			outputFileListPaths = (
				"${PODS_ROOT}/Target Support Files/Pods-Parstagram/Pods-Parstagram-frameworks-${CONFIGURATION}-output-files.xcfilelist",
			);
			runOnlyForDeploymentPostprocessing = 0;
			shellPath = /bin/sh;
			shellScript = "\"${PODS_ROOT}/Target Support Files/Pods-Parstagram/Pods-Parstagram-frameworks.sh\"\n";
			showEnvVarsInLog = 0;
		};
		DDFB9DEA05093D9C7C8FB0A8 /* [CP] Check Pods Manifest.lock */ = {
			isa = PBXShellScriptBuildPhase;
			buildActionMask = 2147483647;
			files = (
			);
			inputFileListPaths = (
			);
			inputPaths = (
				"${PODS_PODFILE_DIR_PATH}/Podfile.lock",
				"${PODS_ROOT}/Manifest.lock",
			);
			name = "[CP] Check Pods Manifest.lock";
			outputFileListPaths = (
			);
			outputPaths = (
				"$(DERIVED_FILE_DIR)/Pods-ParstagramTests-checkManifestLockResult.txt",
			);
			runOnlyForDeploymentPostprocessing = 0;
			shellPath = /bin/sh;
			shellScript = "diff \"${PODS_PODFILE_DIR_PATH}/Podfile.lock\" \"${PODS_ROOT}/Manifest.lock\" > /dev/null\nif [ $? != 0 ] ; then\n    # print error to STDERR\n    echo \"error: The sandbox is not in sync with the Podfile.lock. Run 'pod install' or update your CocoaPods installation.\" >&2\n    exit 1\nfi\n# This output is used by Xcode 'outputs' to avoid re-running this script phase.\necho \"SUCCESS\" > \"${SCRIPT_OUTPUT_FILE_0}\"\n";
			showEnvVarsInLog = 0;
		};
/* End PBXShellScriptBuildPhase section */

/* Begin PBXSourcesBuildPhase section */
		4CB15BE1254918B800B01F3C /* Sources */ = {
			isa = PBXSourcesBuildPhase;
			buildActionMask = 2147483647;
			files = (
				4C043565254924400026ACF2 /* LoginViewController.swift in Sources */,
				4C04356925493A1C0026ACF2 /* CameraViewController.swift in Sources */,
				4CB15BE9254918B800B01F3C /* AppDelegate.swift in Sources */,
				4C043567254924500026ACF2 /* FeedViewController.swift in Sources */,
				4CB15BEB254918B800B01F3C /* SceneDelegate.swift in Sources */,
				4C04356D25494A200026ACF2 /* PostCell.swift in Sources */,
			);
			runOnlyForDeploymentPostprocessing = 0;
		};
		4CB15BF7254918C000B01F3C /* Sources */ = {
			isa = PBXSourcesBuildPhase;
			buildActionMask = 2147483647;
			files = (
				4CB15C00254918C000B01F3C /* ParstagramTests.swift in Sources */,
			);
			runOnlyForDeploymentPostprocessing = 0;
		};
		4CB15C02254918C000B01F3C /* Sources */ = {
			isa = PBXSourcesBuildPhase;
			buildActionMask = 2147483647;
			files = (
				4CB15C0B254918C000B01F3C /* ParstagramUITests.swift in Sources */,
			);
			runOnlyForDeploymentPostprocessing = 0;
		};
/* End PBXSourcesBuildPhase section */

/* Begin PBXTargetDependency section */
		4CB15BFD254918C000B01F3C /* PBXTargetDependency */ = {
			isa = PBXTargetDependency;
			target = 4CB15BE4254918B800B01F3C /* Parstagram */;
			targetProxy = 4CB15BFC254918C000B01F3C /* PBXContainerItemProxy */;
		};
		4CB15C08254918C000B01F3C /* PBXTargetDependency */ = {
			isa = PBXTargetDependency;
			target = 4CB15BE4254918B800B01F3C /* Parstagram */;
			targetProxy = 4CB15C07254918C000B01F3C /* PBXContainerItemProxy */;
		};
/* End PBXTargetDependency section */

/* Begin PBXVariantGroup section */
		4CB15BEE254918B800B01F3C /* Main.storyboard */ = {
			isa = PBXVariantGroup;
			children = (
				4CB15BEF254918B800B01F3C /* Base */,
			);
			name = Main.storyboard;
			sourceTree = "<group>";
		};
		4CB15BF3254918C000B01F3C /* LaunchScreen.storyboard */ = {
			isa = PBXVariantGroup;
			children = (
				4CB15BF4254918C000B01F3C /* Base */,
			);
			name = LaunchScreen.storyboard;
			sourceTree = "<group>";
		};
/* End PBXVariantGroup section */

/* Begin XCBuildConfiguration section */
		4CB15C0D254918C000B01F3C /* Debug */ = {
			isa = XCBuildConfiguration;
			buildSettings = {
				ALWAYS_SEARCH_USER_PATHS = NO;
				CLANG_ANALYZER_NONNULL = YES;
				CLANG_ANALYZER_NUMBER_OBJECT_CONVERSION = YES_AGGRESSIVE;
				CLANG_CXX_LANGUAGE_STANDARD = "gnu++14";
				CLANG_CXX_LIBRARY = "libc++";
				CLANG_ENABLE_MODULES = YES;
				CLANG_ENABLE_OBJC_ARC = YES;
				CLANG_ENABLE_OBJC_WEAK = YES;
				CLANG_WARN_BLOCK_CAPTURE_AUTORELEASING = YES;
				CLANG_WARN_BOOL_CONVERSION = YES;
				CLANG_WARN_COMMA = YES;
				CLANG_WARN_CONSTANT_CONVERSION = YES;
				CLANG_WARN_DEPRECATED_OBJC_IMPLEMENTATIONS = YES;
				CLANG_WARN_DIRECT_OBJC_ISA_USAGE = YES_ERROR;
				CLANG_WARN_DOCUMENTATION_COMMENTS = YES;
				CLANG_WARN_EMPTY_BODY = YES;
				CLANG_WARN_ENUM_CONVERSION = YES;
				CLANG_WARN_INFINITE_RECURSION = YES;
				CLANG_WARN_INT_CONVERSION = YES;
				CLANG_WARN_NON_LITERAL_NULL_CONVERSION = YES;
				CLANG_WARN_OBJC_IMPLICIT_RETAIN_SELF = YES;
				CLANG_WARN_OBJC_LITERAL_CONVERSION = YES;
				CLANG_WARN_OBJC_ROOT_CLASS = YES_ERROR;
				CLANG_WARN_RANGE_LOOP_ANALYSIS = YES;
				CLANG_WARN_STRICT_PROTOTYPES = YES;
				CLANG_WARN_SUSPICIOUS_MOVE = YES;
				CLANG_WARN_UNGUARDED_AVAILABILITY = YES_AGGRESSIVE;
				CLANG_WARN_UNREACHABLE_CODE = YES;
				CLANG_WARN__DUPLICATE_METHOD_MATCH = YES;
				COPY_PHASE_STRIP = NO;
				DEBUG_INFORMATION_FORMAT = dwarf;
				ENABLE_STRICT_OBJC_MSGSEND = YES;
				ENABLE_TESTABILITY = YES;
				GCC_C_LANGUAGE_STANDARD = gnu11;
				GCC_DYNAMIC_NO_PIC = NO;
				GCC_NO_COMMON_BLOCKS = YES;
				GCC_OPTIMIZATION_LEVEL = 0;
				GCC_PREPROCESSOR_DEFINITIONS = (
					"DEBUG=1",
					"$(inherited)",
				);
				GCC_WARN_64_TO_32_BIT_CONVERSION = YES;
				GCC_WARN_ABOUT_RETURN_TYPE = YES_ERROR;
				GCC_WARN_UNDECLARED_SELECTOR = YES;
				GCC_WARN_UNINITIALIZED_AUTOS = YES_AGGRESSIVE;
				GCC_WARN_UNUSED_FUNCTION = YES;
				GCC_WARN_UNUSED_VARIABLE = YES;
				IPHONEOS_DEPLOYMENT_TARGET = 13.7;
				MTL_ENABLE_DEBUG_INFO = INCLUDE_SOURCE;
				MTL_FAST_MATH = YES;
				ONLY_ACTIVE_ARCH = YES;
				SDKROOT = iphoneos;
				SWIFT_ACTIVE_COMPILATION_CONDITIONS = DEBUG;
				SWIFT_OPTIMIZATION_LEVEL = "-Onone";
			};
			name = Debug;
		};
		4CB15C0E254918C000B01F3C /* Release */ = {
			isa = XCBuildConfiguration;
			buildSettings = {
				ALWAYS_SEARCH_USER_PATHS = NO;
				CLANG_ANALYZER_NONNULL = YES;
				CLANG_ANALYZER_NUMBER_OBJECT_CONVERSION = YES_AGGRESSIVE;
				CLANG_CXX_LANGUAGE_STANDARD = "gnu++14";
				CLANG_CXX_LIBRARY = "libc++";
				CLANG_ENABLE_MODULES = YES;
				CLANG_ENABLE_OBJC_ARC = YES;
				CLANG_ENABLE_OBJC_WEAK = YES;
				CLANG_WARN_BLOCK_CAPTURE_AUTORELEASING = YES;
				CLANG_WARN_BOOL_CONVERSION = YES;
				CLANG_WARN_COMMA = YES;
				CLANG_WARN_CONSTANT_CONVERSION = YES;
				CLANG_WARN_DEPRECATED_OBJC_IMPLEMENTATIONS = YES;
				CLANG_WARN_DIRECT_OBJC_ISA_USAGE = YES_ERROR;
				CLANG_WARN_DOCUMENTATION_COMMENTS = YES;
				CLANG_WARN_EMPTY_BODY = YES;
				CLANG_WARN_ENUM_CONVERSION = YES;
				CLANG_WARN_INFINITE_RECURSION = YES;
				CLANG_WARN_INT_CONVERSION = YES;
				CLANG_WARN_NON_LITERAL_NULL_CONVERSION = YES;
				CLANG_WARN_OBJC_IMPLICIT_RETAIN_SELF = YES;
				CLANG_WARN_OBJC_LITERAL_CONVERSION = YES;
				CLANG_WARN_OBJC_ROOT_CLASS = YES_ERROR;
				CLANG_WARN_RANGE_LOOP_ANALYSIS = YES;
				CLANG_WARN_STRICT_PROTOTYPES = YES;
				CLANG_WARN_SUSPICIOUS_MOVE = YES;
				CLANG_WARN_UNGUARDED_AVAILABILITY = YES_AGGRESSIVE;
				CLANG_WARN_UNREACHABLE_CODE = YES;
				CLANG_WARN__DUPLICATE_METHOD_MATCH = YES;
				COPY_PHASE_STRIP = NO;
				DEBUG_INFORMATION_FORMAT = "dwarf-with-dsym";
				ENABLE_NS_ASSERTIONS = NO;
				ENABLE_STRICT_OBJC_MSGSEND = YES;
				GCC_C_LANGUAGE_STANDARD = gnu11;
				GCC_NO_COMMON_BLOCKS = YES;
				GCC_WARN_64_TO_32_BIT_CONVERSION = YES;
				GCC_WARN_ABOUT_RETURN_TYPE = YES_ERROR;
				GCC_WARN_UNDECLARED_SELECTOR = YES;
				GCC_WARN_UNINITIALIZED_AUTOS = YES_AGGRESSIVE;
				GCC_WARN_UNUSED_FUNCTION = YES;
				GCC_WARN_UNUSED_VARIABLE = YES;
				IPHONEOS_DEPLOYMENT_TARGET = 13.7;
				MTL_ENABLE_DEBUG_INFO = NO;
				MTL_FAST_MATH = YES;
				SDKROOT = iphoneos;
				SWIFT_COMPILATION_MODE = wholemodule;
				SWIFT_OPTIMIZATION_LEVEL = "-O";
				VALIDATE_PRODUCT = YES;
			};
			name = Release;
		};
		4CB15C10254918C100B01F3C /* Debug */ = {
			isa = XCBuildConfiguration;
			baseConfigurationReference = 5DDE1F7F18EA77EE212118B1 /* Pods-Parstagram.debug.xcconfig */;
			buildSettings = {
				ASSETCATALOG_COMPILER_APPICON_NAME = AppIcon;
				CODE_SIGN_STYLE = Automatic;
				INFOPLIST_FILE = Parstagram/Info.plist;
				LD_RUNPATH_SEARCH_PATHS = (
					"$(inherited)",
					"@executable_path/Frameworks",
				);
				PRODUCT_BUNDLE_IDENTIFIER = codepath.Parstagram;
				PRODUCT_NAME = "$(TARGET_NAME)";
				SWIFT_VERSION = 5.0;
				TARGETED_DEVICE_FAMILY = "1,2";
			};
			name = Debug;
		};
		4CB15C11254918C100B01F3C /* Release */ = {
			isa = XCBuildConfiguration;
			baseConfigurationReference = E2591491F446EA1A148CF558 /* Pods-Parstagram.release.xcconfig */;
			buildSettings = {
				ASSETCATALOG_COMPILER_APPICON_NAME = AppIcon;
				CODE_SIGN_STYLE = Automatic;
				INFOPLIST_FILE = Parstagram/Info.plist;
				LD_RUNPATH_SEARCH_PATHS = (
					"$(inherited)",
					"@executable_path/Frameworks",
				);
				PRODUCT_BUNDLE_IDENTIFIER = codepath.Parstagram;
				PRODUCT_NAME = "$(TARGET_NAME)";
				SWIFT_VERSION = 5.0;
				TARGETED_DEVICE_FAMILY = "1,2";
			};
			name = Release;
		};
		4CB15C13254918C100B01F3C /* Debug */ = {
			isa = XCBuildConfiguration;
			baseConfigurationReference = FAA1F01A83C1FA745B091A3B /* Pods-ParstagramTests.debug.xcconfig */;
			buildSettings = {
				ALWAYS_EMBED_SWIFT_STANDARD_LIBRARIES = YES;
				BUNDLE_LOADER = "$(TEST_HOST)";
				CODE_SIGN_STYLE = Automatic;
				INFOPLIST_FILE = ParstagramTests/Info.plist;
				IPHONEOS_DEPLOYMENT_TARGET = 13.7;
				LD_RUNPATH_SEARCH_PATHS = (
					"$(inherited)",
					"@executable_path/Frameworks",
					"@loader_path/Frameworks",
				);
				PRODUCT_BUNDLE_IDENTIFIER = codepath.ParstagramTests;
				PRODUCT_NAME = "$(TARGET_NAME)";
				SWIFT_VERSION = 5.0;
				TARGETED_DEVICE_FAMILY = "1,2";
				TEST_HOST = "$(BUILT_PRODUCTS_DIR)/Parstagram.app/Parstagram";
			};
			name = Debug;
		};
		4CB15C14254918C100B01F3C /* Release */ = {
			isa = XCBuildConfiguration;
			baseConfigurationReference = DB18DA0A60125BEA1A9360AA /* Pods-ParstagramTests.release.xcconfig */;
			buildSettings = {
				ALWAYS_EMBED_SWIFT_STANDARD_LIBRARIES = YES;
				BUNDLE_LOADER = "$(TEST_HOST)";
				CODE_SIGN_STYLE = Automatic;
				INFOPLIST_FILE = ParstagramTests/Info.plist;
				IPHONEOS_DEPLOYMENT_TARGET = 13.7;
				LD_RUNPATH_SEARCH_PATHS = (
					"$(inherited)",
					"@executable_path/Frameworks",
					"@loader_path/Frameworks",
				);
				PRODUCT_BUNDLE_IDENTIFIER = codepath.ParstagramTests;
				PRODUCT_NAME = "$(TARGET_NAME)";
				SWIFT_VERSION = 5.0;
				TARGETED_DEVICE_FAMILY = "1,2";
				TEST_HOST = "$(BUILT_PRODUCTS_DIR)/Parstagram.app/Parstagram";
			};
			name = Release;
		};
		4CB15C16254918C100B01F3C /* Debug */ = {
			isa = XCBuildConfiguration;
			baseConfigurationReference = B45BA9D1CBC365B18FE1B36F /* Pods-Parstagram-ParstagramUITests.debug.xcconfig */;
			buildSettings = {
				ALWAYS_EMBED_SWIFT_STANDARD_LIBRARIES = YES;
				CODE_SIGN_STYLE = Automatic;
				INFOPLIST_FILE = ParstagramUITests/Info.plist;
				LD_RUNPATH_SEARCH_PATHS = (
					"$(inherited)",
					"@executable_path/Frameworks",
					"@loader_path/Frameworks",
				);
				PRODUCT_BUNDLE_IDENTIFIER = codepath.ParstagramUITests;
				PRODUCT_NAME = "$(TARGET_NAME)";
				SWIFT_VERSION = 5.0;
				TARGETED_DEVICE_FAMILY = "1,2";
				TEST_TARGET_NAME = Parstagram;
			};
			name = Debug;
		};
		4CB15C17254918C100B01F3C /* Release */ = {
			isa = XCBuildConfiguration;
			baseConfigurationReference = E4AF18FDF79D34A3050C320E /* Pods-Parstagram-ParstagramUITests.release.xcconfig */;
			buildSettings = {
				ALWAYS_EMBED_SWIFT_STANDARD_LIBRARIES = YES;
				CODE_SIGN_STYLE = Automatic;
				INFOPLIST_FILE = ParstagramUITests/Info.plist;
				LD_RUNPATH_SEARCH_PATHS = (
					"$(inherited)",
					"@executable_path/Frameworks",
					"@loader_path/Frameworks",
				);
				PRODUCT_BUNDLE_IDENTIFIER = codepath.ParstagramUITests;
				PRODUCT_NAME = "$(TARGET_NAME)";
				SWIFT_VERSION = 5.0;
				TARGETED_DEVICE_FAMILY = "1,2";
				TEST_TARGET_NAME = Parstagram;
			};
			name = Release;
		};
/* End XCBuildConfiguration section */

/* Begin XCConfigurationList section */
		4CB15BE0254918B800B01F3C /* Build configuration list for PBXProject "Parstagram" */ = {
			isa = XCConfigurationList;
			buildConfigurations = (
				4CB15C0D254918C000B01F3C /* Debug */,
				4CB15C0E254918C000B01F3C /* Release */,
			);
			defaultConfigurationIsVisible = 0;
			defaultConfigurationName = Release;
		};
		4CB15C0F254918C100B01F3C /* Build configuration list for PBXNativeTarget "Parstagram" */ = {
			isa = XCConfigurationList;
			buildConfigurations = (
				4CB15C10254918C100B01F3C /* Debug */,
				4CB15C11254918C100B01F3C /* Release */,
			);
			defaultConfigurationIsVisible = 0;
			defaultConfigurationName = Release;
		};
		4CB15C12254918C100B01F3C /* Build configuration list for PBXNativeTarget "ParstagramTests" */ = {
			isa = XCConfigurationList;
			buildConfigurations = (
				4CB15C13254918C100B01F3C /* Debug */,
				4CB15C14254918C100B01F3C /* Release */,
			);
			defaultConfigurationIsVisible = 0;
			defaultConfigurationName = Release;
		};
		4CB15C15254918C100B01F3C /* Build configuration list for PBXNativeTarget "ParstagramUITests" */ = {
			isa = XCConfigurationList;
			buildConfigurations = (
				4CB15C16254918C100B01F3C /* Debug */,
				4CB15C17254918C100B01F3C /* Release */,
			);
			defaultConfigurationIsVisible = 0;
			defaultConfigurationName = Release;
		};
/* End XCConfigurationList section */
	};
	rootObject = 4CB15BDD254918B700B01F3C /* Project object */;
}
